
Microsoft Visual Studio Solution File, Format Version 12.00
# Visual Studio Version 17
VisualStudioVersion = 17.5.33424.131
MinimumVisualStudioVersion = 10.0.40219.1
Project("{FAE04EC0-301F-11D3-BF4B-00C04F79EFBC}") = "fukuv0525", "fukuv0525\fukuv0525.csproj", "{152A051D-9EEB-4C4C-BDD3-F9653389D2B2}"
EndProject
Global
	GlobalSection(SolutionConfigurationPlatforms) = preSolution
		Debug|Any CPU = Debug|Any CPU
		Release|Any CPU = Release|Any CPU
	EndGlobalSection
	GlobalSection(ProjectConfigurationPlatforms) = postSolution
		{152A051D-9EEB-4C4C-BDD3-F9653389D2B2}.Debug|Any CPU.ActiveCfg = Debug|Any CPU
		{152A051D-9EEB-4C4C-BDD3-F9653389D2B2}.Debug|Any CPU.Build.0 = Debug|Any CPU
		{152A051D-9EEB-4C4C-BDD3-F9653389D2B2}.Release|Any CPU.ActiveCfg = Release|Any CPU
		{152A051D-9EEB-4C4C-BDD3-F9653389D2B2}.Release|Any CPU.Build.0 = Release|Any CPU
	EndGlobalSection
	GlobalSection(SolutionProperties) = preSolution
		HideSolutionNode = FALSE
	EndGlobalSection
	GlobalSection(ExtensibilityGlobals) = postSolution
		SolutionGuid = {8A53A545-FB3C-4AC9-BCEF-18BDCD4F82E0}
	EndGlobalSection
EndGlobal
